// !$*UTF8*$!
{
	archiveVersion = 1;
	classes = {
	};
	objectVersion = 51;
	objects = {

/* Begin PBXBuildFile section */
		1DB2FD14B803E15044D33C7E /* Pods_Flix.framework in Frameworks */ = {isa = PBXBuildFile; fileRef = 744F202EE505383495575FF7 /* Pods_Flix.framework */; };
		50D08ABDD7A735348236E366 /* Pods_Flix_FlixUITests.framework in Frameworks */ = {isa = PBXBuildFile; fileRef = 3835D5C11B608910FD5EB409 /* Pods_Flix_FlixUITests.framework */; };
		756FA92E25DF798100808A17 /* MovieDetailsViewController.swift in Sources */ = {isa = PBXBuildFile; fileRef = 756FA92D25DF798100808A17 /* MovieDetailsViewController.swift */; };
		75CBDF2B25D4B1F500AC4FB8 /* AppDelegate.swift in Sources */ = {isa = PBXBuildFile; fileRef = 75CBDF2A25D4B1F500AC4FB8 /* AppDelegate.swift */; };
		75CBDF2D25D4B1F500AC4FB8 /* SceneDelegate.swift in Sources */ = {isa = PBXBuildFile; fileRef = 75CBDF2C25D4B1F500AC4FB8 /* SceneDelegate.swift */; };
		75CBDF2F25D4B1F500AC4FB8 /* ViewController.swift in Sources */ = {isa = PBXBuildFile; fileRef = 75CBDF2E25D4B1F500AC4FB8 /* ViewController.swift */; };
		75CBDF3225D4B1F500AC4FB8 /* Main.storyboard in Resources */ = {isa = PBXBuildFile; fileRef = 75CBDF3025D4B1F500AC4FB8 /* Main.storyboard */; };
		75CBDF3525D4B1F500AC4FB8 /* Flix.xcdatamodeld in Sources */ = {isa = PBXBuildFile; fileRef = 75CBDF3325D4B1F500AC4FB8 /* Flix.xcdatamodeld */; };
		75CBDF3725D4B1F800AC4FB8 /* Assets.xcassets in Resources */ = {isa = PBXBuildFile; fileRef = 75CBDF3625D4B1F800AC4FB8 /* Assets.xcassets */; };
		75CBDF3A25D4B1F800AC4FB8 /* LaunchScreen.storyboard in Resources */ = {isa = PBXBuildFile; fileRef = 75CBDF3825D4B1F800AC4FB8 /* LaunchScreen.storyboard */; };
		75CBDF4525D4B1F800AC4FB8 /* FlixTests.swift in Sources */ = {isa = PBXBuildFile; fileRef = 75CBDF4425D4B1F800AC4FB8 /* FlixTests.swift */; };
		75CBDF5025D4B1F800AC4FB8 /* FlixUITests.swift in Sources */ = {isa = PBXBuildFile; fileRef = 75CBDF4F25D4B1F800AC4FB8 /* FlixUITests.swift */; };
		75CBDF6125D5DA8100AC4FB8 /* MovieCell.swift in Sources */ = {isa = PBXBuildFile; fileRef = 75CBDF6025D5DA8100AC4FB8 /* MovieCell.swift */; };
		CF0A218959FF27F8B6DE8DF3 /* Pods_FlixTests.framework in Frameworks */ = {isa = PBXBuildFile; fileRef = 17B1FF390DCF51BD8DA00672 /* Pods_FlixTests.framework */; };
/* End PBXBuildFile section */

/* Begin PBXContainerItemProxy section */
		75CBDF4125D4B1F800AC4FB8 /* PBXContainerItemProxy */ = {
			isa = PBXContainerItemProxy;
			containerPortal = 75CBDF1F25D4B1F500AC4FB8 /* Project object */;
			proxyType = 1;
			remoteGlobalIDString = 75CBDF2625D4B1F500AC4FB8;
			remoteInfo = Flix;
		};
		75CBDF4C25D4B1F800AC4FB8 /* PBXContainerItemProxy */ = {
			isa = PBXContainerItemProxy;
			containerPortal = 75CBDF1F25D4B1F500AC4FB8 /* Project object */;
			proxyType = 1;
			remoteGlobalIDString = 75CBDF2625D4B1F500AC4FB8;
			remoteInfo = Flix;
		};
/* End PBXContainerItemProxy section */

/* Begin PBXFileReference section */
		17B1FF390DCF51BD8DA00672 /* Pods_FlixTests.framework */ = {isa = PBXFileReference; explicitFileType = wrapper.framework; includeInIndex = 0; path = Pods_FlixTests.framework; sourceTree = BUILT_PRODUCTS_DIR; };
		23A920C9F7E21D4F53937871 /* Pods-Flix.debug.xcconfig */ = {isa = PBXFileReference; includeInIndex = 1; lastKnownFileType = text.xcconfig; name = "Pods-Flix.debug.xcconfig"; path = "Target Support Files/Pods-Flix/Pods-Flix.debug.xcconfig"; sourceTree = "<group>"; };
		321CA8979A637B5A34DCE307 /* Pods-FlixTests.debug.xcconfig */ = {isa = PBXFileReference; includeInIndex = 1; lastKnownFileType = text.xcconfig; name = "Pods-FlixTests.debug.xcconfig"; path = "Target Support Files/Pods-FlixTests/Pods-FlixTests.debug.xcconfig"; sourceTree = "<group>"; };
		3835D5C11B608910FD5EB409 /* Pods_Flix_FlixUITests.framework */ = {isa = PBXFileReference; explicitFileType = wrapper.framework; includeInIndex = 0; path = Pods_Flix_FlixUITests.framework; sourceTree = BUILT_PRODUCTS_DIR; };
		45FF4D82BDBAC542FFEE6DB6 /* Pods-FlixTests.release.xcconfig */ = {isa = PBXFileReference; includeInIndex = 1; lastKnownFileType = text.xcconfig; name = "Pods-FlixTests.release.xcconfig"; path = "Target Support Files/Pods-FlixTests/Pods-FlixTests.release.xcconfig"; sourceTree = "<group>"; };
		4A22EE48A104E993F10C9D70 /* Pods-Flix.release.xcconfig */ = {isa = PBXFileReference; includeInIndex = 1; lastKnownFileType = text.xcconfig; name = "Pods-Flix.release.xcconfig"; path = "Target Support Files/Pods-Flix/Pods-Flix.release.xcconfig"; sourceTree = "<group>"; };
		744F202EE505383495575FF7 /* Pods_Flix.framework */ = {isa = PBXFileReference; explicitFileType = wrapper.framework; includeInIndex = 0; path = Pods_Flix.framework; sourceTree = BUILT_PRODUCTS_DIR; };
		756FA92D25DF798100808A17 /* MovieDetailsViewController.swift */ = {isa = PBXFileReference; lastKnownFileType = sourcecode.swift; path = MovieDetailsViewController.swift; sourceTree = "<group>"; };
		75CBDF2725D4B1F500AC4FB8 /* Flix.app */ = {isa = PBXFileReference; explicitFileType = wrapper.application; includeInIndex = 0; path = Flix.app; sourceTree = BUILT_PRODUCTS_DIR; };
		75CBDF2A25D4B1F500AC4FB8 /* AppDelegate.swift */ = {isa = PBXFileReference; lastKnownFileType = sourcecode.swift; path = AppDelegate.swift; sourceTree = "<group>"; };
		75CBDF2C25D4B1F500AC4FB8 /* SceneDelegate.swift */ = {isa = PBXFileReference; lastKnownFileType = sourcecode.swift; path = SceneDelegate.swift; sourceTree = "<group>"; };
		75CBDF2E25D4B1F500AC4FB8 /* ViewController.swift */ = {isa = PBXFileReference; lastKnownFileType = sourcecode.swift; path = ViewController.swift; sourceTree = "<group>"; };
		75CBDF3125D4B1F500AC4FB8 /* Base */ = {isa = PBXFileReference; lastKnownFileType = file.storyboard; name = Base; path = Base.lproj/Main.storyboard; sourceTree = "<group>"; };
		75CBDF3425D4B1F500AC4FB8 /* Flix.xcdatamodel */ = {isa = PBXFileReference; lastKnownFileType = wrapper.xcdatamodel; path = Flix.xcdatamodel; sourceTree = "<group>"; };
		75CBDF3625D4B1F800AC4FB8 /* Assets.xcassets */ = {isa = PBXFileReference; lastKnownFileType = folder.assetcatalog; path = Assets.xcassets; sourceTree = "<group>"; };
		75CBDF3925D4B1F800AC4FB8 /* Base */ = {isa = PBXFileReference; lastKnownFileType = file.storyboard; name = Base; path = Base.lproj/LaunchScreen.storyboard; sourceTree = "<group>"; };
		75CBDF3B25D4B1F800AC4FB8 /* Info.plist */ = {isa = PBXFileReference; lastKnownFileType = text.plist.xml; path = Info.plist; sourceTree = "<group>"; };
		75CBDF4025D4B1F800AC4FB8 /* FlixTests.xctest */ = {isa = PBXFileReference; explicitFileType = wrapper.cfbundle; includeInIndex = 0; path = FlixTests.xctest; sourceTree = BUILT_PRODUCTS_DIR; };
		75CBDF4425D4B1F800AC4FB8 /* FlixTests.swift */ = {isa = PBXFileReference; lastKnownFileType = sourcecode.swift; path = FlixTests.swift; sourceTree = "<group>"; };
		75CBDF4625D4B1F800AC4FB8 /* Info.plist */ = {isa = PBXFileReference; lastKnownFileType = text.plist.xml; path = Info.plist; sourceTree = "<group>"; };
		75CBDF4B25D4B1F800AC4FB8 /* FlixUITests.xctest */ = {isa = PBXFileReference; explicitFileType = wrapper.cfbundle; includeInIndex = 0; path = FlixUITests.xctest; sourceTree = BUILT_PRODUCTS_DIR; };
		75CBDF4F25D4B1F800AC4FB8 /* FlixUITests.swift */ = {isa = PBXFileReference; lastKnownFileType = sourcecode.swift; path = FlixUITests.swift; sourceTree = "<group>"; };
		75CBDF5125D4B1F800AC4FB8 /* Info.plist */ = {isa = PBXFileReference; lastKnownFileType = text.plist.xml; path = Info.plist; sourceTree = "<group>"; };
		75CBDF6025D5DA8100AC4FB8 /* MovieCell.swift */ = {isa = PBXFileReference; lastKnownFileType = sourcecode.swift; path = MovieCell.swift; sourceTree = "<group>"; };
		F3F0A4B4A7AC8B0E6109E35A /* Pods-Flix-FlixUITests.release.xcconfig */ = {isa = PBXFileReference; includeInIndex = 1; lastKnownFileType = text.xcconfig; name = "Pods-Flix-FlixUITests.release.xcconfig"; path = "Target Support Files/Pods-Flix-FlixUITests/Pods-Flix-FlixUITests.release.xcconfig"; sourceTree = "<group>"; };
		F89FE10A094214F8C7F8D83C /* Pods-Flix-FlixUITests.debug.xcconfig */ = {isa = PBXFileReference; includeInIndex = 1; lastKnownFileType = text.xcconfig; name = "Pods-Flix-FlixUITests.debug.xcconfig"; path = "Target Support Files/Pods-Flix-FlixUITests/Pods-Flix-FlixUITests.debug.xcconfig"; sourceTree = "<group>"; };
/* End PBXFileReference section */

/* Begin PBXFrameworksBuildPhase section */
		75CBDF2425D4B1F500AC4FB8 /* Frameworks */ = {
			isa = PBXFrameworksBuildPhase;
			buildActionMask = 2147483647;
			files = (
				1DB2FD14B803E15044D33C7E /* Pods_Flix.framework in Frameworks */,
			);
			runOnlyForDeploymentPostprocessing = 0;
		};
		75CBDF3D25D4B1F800AC4FB8 /* Frameworks */ = {
			isa = PBXFrameworksBuildPhase;
			buildActionMask = 2147483647;
			files = (
				CF0A218959FF27F8B6DE8DF3 /* Pods_FlixTests.framework in Frameworks */,
			);
			runOnlyForDeploymentPostprocessing = 0;
		};
		75CBDF4825D4B1F800AC4FB8 /* Frameworks */ = {
			isa = PBXFrameworksBuildPhase;
			buildActionMask = 2147483647;
			files = (
				50D08ABDD7A735348236E366 /* Pods_Flix_FlixUITests.framework in Frameworks */,
			);
			runOnlyForDeploymentPostprocessing = 0;
		};
/* End PBXFrameworksBuildPhase section */

/* Begin PBXGroup section */
		2F39145FFB1FE9818AD3E4AE /* Frameworks */ = {
			isa = PBXGroup;
			children = (
				744F202EE505383495575FF7 /* Pods_Flix.framework */,
				3835D5C11B608910FD5EB409 /* Pods_Flix_FlixUITests.framework */,
				17B1FF390DCF51BD8DA00672 /* Pods_FlixTests.framework */,
			);
			name = Frameworks;
			sourceTree = "<group>";
		};
		75CBDF1E25D4B1F500AC4FB8 = {
			isa = PBXGroup;
			children = (
				75CBDF2925D4B1F500AC4FB8 /* Flix */,
				75CBDF4325D4B1F800AC4FB8 /* FlixTests */,
				75CBDF4E25D4B1F800AC4FB8 /* FlixUITests */,
				75CBDF2825D4B1F500AC4FB8 /* Products */,
				C44164805B188F0B6936DB5E /* Pods */,
				2F39145FFB1FE9818AD3E4AE /* Frameworks */,
			);
			sourceTree = "<group>";
		};
		75CBDF2825D4B1F500AC4FB8 /* Products */ = {
			isa = PBXGroup;
			children = (
				75CBDF2725D4B1F500AC4FB8 /* Flix.app */,
				75CBDF4025D4B1F800AC4FB8 /* FlixTests.xctest */,
				75CBDF4B25D4B1F800AC4FB8 /* FlixUITests.xctest */,
			);
			name = Products;
			sourceTree = "<group>";
		};
		75CBDF2925D4B1F500AC4FB8 /* Flix */ = {
			isa = PBXGroup;
			children = (
				75CBDF2A25D4B1F500AC4FB8 /* AppDelegate.swift */,
				75CBDF2C25D4B1F500AC4FB8 /* SceneDelegate.swift */,
				75CBDF2E25D4B1F500AC4FB8 /* ViewController.swift */,
				75CBDF3025D4B1F500AC4FB8 /* Main.storyboard */,
				756FA92D25DF798100808A17 /* MovieDetailsViewController.swift */,
				75CBDF6025D5DA8100AC4FB8 /* MovieCell.swift */,
				75CBDF3625D4B1F800AC4FB8 /* Assets.xcassets */,
				75CBDF3825D4B1F800AC4FB8 /* LaunchScreen.storyboard */,
				75CBDF3B25D4B1F800AC4FB8 /* Info.plist */,
				75CBDF3325D4B1F500AC4FB8 /* Flix.xcdatamodeld */,
			);
			path = Flix;
			sourceTree = "<group>";
		};
		75CBDF4325D4B1F800AC4FB8 /* FlixTests */ = {
			isa = PBXGroup;
			children = (
				75CBDF4425D4B1F800AC4FB8 /* FlixTests.swift */,
				75CBDF4625D4B1F800AC4FB8 /* Info.plist */,
			);
			path = FlixTests;
			sourceTree = "<group>";
		};
		75CBDF4E25D4B1F800AC4FB8 /* FlixUITests */ = {
			isa = PBXGroup;
			children = (
				75CBDF4F25D4B1F800AC4FB8 /* FlixUITests.swift */,
				75CBDF5125D4B1F800AC4FB8 /* Info.plist */,
			);
			path = FlixUITests;
			sourceTree = "<group>";
		};
		C44164805B188F0B6936DB5E /* Pods */ = {
			isa = PBXGroup;
			children = (
				23A920C9F7E21D4F53937871 /* Pods-Flix.debug.xcconfig */,
				4A22EE48A104E993F10C9D70 /* Pods-Flix.release.xcconfig */,
				F89FE10A094214F8C7F8D83C /* Pods-Flix-FlixUITests.debug.xcconfig */,
				F3F0A4B4A7AC8B0E6109E35A /* Pods-Flix-FlixUITests.release.xcconfig */,
				321CA8979A637B5A34DCE307 /* Pods-FlixTests.debug.xcconfig */,
				45FF4D82BDBAC542FFEE6DB6 /* Pods-FlixTests.release.xcconfig */,
			);
			path = Pods;
			sourceTree = "<group>";
		};
/* End PBXGroup section */

/* Begin PBXNativeTarget section */
		75CBDF2625D4B1F500AC4FB8 /* Flix */ = {
			isa = PBXNativeTarget;
			buildConfigurationList = 75CBDF5425D4B1F800AC4FB8 /* Build configuration list for PBXNativeTarget "Flix" */;
			buildPhases = (
				45101461993ACBA3DF098028 /* [CP] Check Pods Manifest.lock */,
				75CBDF2325D4B1F500AC4FB8 /* Sources */,
				75CBDF2425D4B1F500AC4FB8 /* Frameworks */,
				75CBDF2525D4B1F500AC4FB8 /* Resources */,
				7EA679F1B33CAE4C0880E5DC /* [CP] Embed Pods Frameworks */,
			);
			buildRules = (
			);
			dependencies = (
			);
			name = Flix;
			productName = Flix;
			productReference = 75CBDF2725D4B1F500AC4FB8 /* Flix.app */;
			productType = "com.apple.product-type.application";
		};
		75CBDF3F25D4B1F800AC4FB8 /* FlixTests */ = {
			isa = PBXNativeTarget;
			buildConfigurationList = 75CBDF5725D4B1F800AC4FB8 /* Build configuration list for PBXNativeTarget "FlixTests" */;
			buildPhases = (
				CDE6E5E835B7C1D80E3E50DF /* [CP] Check Pods Manifest.lock */,
				75CBDF3C25D4B1F800AC4FB8 /* Sources */,
				75CBDF3D25D4B1F800AC4FB8 /* Frameworks */,
				75CBDF3E25D4B1F800AC4FB8 /* Resources */,
			);
			buildRules = (
			);
			dependencies = (
				75CBDF4225D4B1F800AC4FB8 /* PBXTargetDependency */,
			);
			name = FlixTests;
			productName = FlixTests;
			productReference = 75CBDF4025D4B1F800AC4FB8 /* FlixTests.xctest */;
			productType = "com.apple.product-type.bundle.unit-test";
		};
		75CBDF4A25D4B1F800AC4FB8 /* FlixUITests */ = {
			isa = PBXNativeTarget;
			buildConfigurationList = 75CBDF5A25D4B1F800AC4FB8 /* Build configuration list for PBXNativeTarget "FlixUITests" */;
			buildPhases = (
				E535110438479491783056AC /* [CP] Check Pods Manifest.lock */,
				75CBDF4725D4B1F800AC4FB8 /* Sources */,
				75CBDF4825D4B1F800AC4FB8 /* Frameworks */,
				75CBDF4925D4B1F800AC4FB8 /* Resources */,
				3C5AB9D03B352C3E7679A0FD /* [CP] Embed Pods Frameworks */,
			);
			buildRules = (
			);
			dependencies = (
				75CBDF4D25D4B1F800AC4FB8 /* PBXTargetDependency */,
			);
			name = FlixUITests;
			productName = FlixUITests;
			productReference = 75CBDF4B25D4B1F800AC4FB8 /* FlixUITests.xctest */;
			productType = "com.apple.product-type.bundle.ui-testing";
		};
/* End PBXNativeTarget section */

/* Begin PBXProject section */
		75CBDF1F25D4B1F500AC4FB8 /* Project object */ = {
			isa = PBXProject;
			attributes = {
				LastSwiftUpdateCheck = 1240;
				LastUpgradeCheck = 1240;
				TargetAttributes = {
					75CBDF2625D4B1F500AC4FB8 = {
						CreatedOnToolsVersion = 12.4;
					};
					75CBDF3F25D4B1F800AC4FB8 = {
						CreatedOnToolsVersion = 12.4;
						TestTargetID = 75CBDF2625D4B1F500AC4FB8;
					};
					75CBDF4A25D4B1F800AC4FB8 = {
						CreatedOnToolsVersion = 12.4;
						TestTargetID = 75CBDF2625D4B1F500AC4FB8;
					};
				};
			};
			buildConfigurationList = 75CBDF2225D4B1F500AC4FB8 /* Build configuration list for PBXProject "Flix" */;
			compatibilityVersion = "Xcode 9.3";
			developmentRegion = en;
			hasScannedForEncodings = 0;
			knownRegions = (
				en,
				Base,
			);
			mainGroup = 75CBDF1E25D4B1F500AC4FB8;
			productRefGroup = 75CBDF2825D4B1F500AC4FB8 /* Products */;
			projectDirPath = "";
			projectRoot = "";
			targets = (
				75CBDF2625D4B1F500AC4FB8 /* Flix */,
				75CBDF3F25D4B1F800AC4FB8 /* FlixTests */,
				75CBDF4A25D4B1F800AC4FB8 /* FlixUITests */,
			);
		};
/* End PBXProject section */

/* Begin PBXResourcesBuildPhase section */
		75CBDF2525D4B1F500AC4FB8 /* Resources */ = {
			isa = PBXResourcesBuildPhase;
			buildActionMask = 2147483647;
			files = (
				75CBDF3A25D4B1F800AC4FB8 /* LaunchScreen.storyboard in Resources */,
				75CBDF3725D4B1F800AC4FB8 /* Assets.xcassets in Resources */,
				75CBDF3225D4B1F500AC4FB8 /* Main.storyboard in Resources */,
			);
			runOnlyForDeploymentPostprocessing = 0;
		};
		75CBDF3E25D4B1F800AC4FB8 /* Resources */ = {
			isa = PBXResourcesBuildPhase;
			buildActionMask = 2147483647;
			files = (
			);
			runOnlyForDeploymentPostprocessing = 0;
		};
		75CBDF4925D4B1F800AC4FB8 /* Resources */ = {
			isa = PBXResourcesBuildPhase;
			buildActionMask = 2147483647;
			files = (
			);
			runOnlyForDeploymentPostprocessing = 0;
		};
/* End PBXResourcesBuildPhase section */

/* Begin PBXShellScriptBuildPhase section */
		3C5AB9D03B352C3E7679A0FD /* [CP] Embed Pods Frameworks */ = {
			isa = PBXShellScriptBuildPhase;
			buildActionMask = 2147483647;
			files = (
			);
			inputFileListPaths = (
				"${PODS_ROOT}/Target Support Files/Pods-Flix-FlixUITests/Pods-Flix-FlixUITests-frameworks-${CONFIGURATION}-input-files.xcfilelist",
			);
			name = "[CP] Embed Pods Frameworks";
			outputFileListPaths = (
				"${PODS_ROOT}/Target Support Files/Pods-Flix-FlixUITests/Pods-Flix-FlixUITests-frameworks-${CONFIGURATION}-output-files.xcfilelist",
			);
			runOnlyForDeploymentPostprocessing = 0;
			shellPath = /bin/sh;
			shellScript = "\"${PODS_ROOT}/Target Support Files/Pods-Flix-FlixUITests/Pods-Flix-FlixUITests-frameworks.sh\"\n";
			showEnvVarsInLog = 0;
		};
		45101461993ACBA3DF098028 /* [CP] Check Pods Manifest.lock */ = {
			isa = PBXShellScriptBuildPhase;
			buildActionMask = 2147483647;
			files = (
			);
			inputFileListPaths = (
			);
			inputPaths = (
				"${PODS_PODFILE_DIR_PATH}/Podfile.lock",
				"${PODS_ROOT}/Manifest.lock",
			);
			name = "[CP] Check Pods Manifest.lock";
			outputFileListPaths = (
			);
			outputPaths = (
				"$(DERIVED_FILE_DIR)/Pods-Flix-checkManifestLockResult.txt",
			);
			runOnlyForDeploymentPostprocessing = 0;
			shellPath = /bin/sh;
			shellScript = "diff \"${PODS_PODFILE_DIR_PATH}/Podfile.lock\" \"${PODS_ROOT}/Manifest.lock\" > /dev/null\nif [ $? != 0 ] ; then\n    # print error to STDERR\n    echo \"error: The sandbox is not in sync with the Podfile.lock. Run 'pod install' or update your CocoaPods installation.\" >&2\n    exit 1\nfi\n# This output is used by Xcode 'outputs' to avoid re-running this script phase.\necho \"SUCCESS\" > \"${SCRIPT_OUTPUT_FILE_0}\"\n";
			showEnvVarsInLog = 0;
		};
		7EA679F1B33CAE4C0880E5DC /* [CP] Embed Pods Frameworks */ = {
			isa = PBXShellScriptBuildPhase;
			buildActionMask = 2147483647;
			files = (
			);
			inputFileListPaths = (
				"${PODS_ROOT}/Target Support Files/Pods-Flix/Pods-Flix-frameworks-${CONFIGURATION}-input-files.xcfilelist",
			);
			name = "[CP] Embed Pods Frameworks";
			outputFileListPaths = (
				"${PODS_ROOT}/Target Support Files/Pods-Flix/Pods-Flix-frameworks-${CONFIGURATION}-output-files.xcfilelist",
			);
			runOnlyForDeploymentPostprocessing = 0;
			shellPath = /bin/sh;
			shellScript = "\"${PODS_ROOT}/Target Support Files/Pods-Flix/Pods-Flix-frameworks.sh\"\n";
			showEnvVarsInLog = 0;
		};
		CDE6E5E835B7C1D80E3E50DF /* [CP] Check Pods Manifest.lock */ = {
			isa = PBXShellScriptBuildPhase;
			buildActionMask = 2147483647;
			files = (
			);
			inputFileListPaths = (
			);
			inputPaths = (
				"${PODS_PODFILE_DIR_PATH}/Podfile.lock",
				"${PODS_ROOT}/Manifest.lock",
			);
			name = "[CP] Check Pods Manifest.lock";
			outputFileListPaths = (
			);
			outputPaths = (
				"$(DERIVED_FILE_DIR)/Pods-FlixTests-checkManifestLockResult.txt",
			);
			runOnlyForDeploymentPostprocessing = 0;
			shellPath = /bin/sh;
			shellScript = "diff \"${PODS_PODFILE_DIR_PATH}/Podfile.lock\" \"${PODS_ROOT}/Manifest.lock\" > /dev/null\nif [ $? != 0 ] ; then\n    # print error to STDERR\n    echo \"error: The sandbox is not in sync with the Podfile.lock. Run 'pod install' or update your CocoaPods installation.\" >&2\n    exit 1\nfi\n# This output is used by Xcode 'outputs' to avoid re-running this script phase.\necho \"SUCCESS\" > \"${SCRIPT_OUTPUT_FILE_0}\"\n";
			showEnvVarsInLog = 0;
		};
		E535110438479491783056AC /* [CP] Check Pods Manifest.lock */ = {
			isa = PBXShellScriptBuildPhase;
			buildActionMask = 2147483647;
			files = (
			);
			inputFileListPaths = (
			);
			inputPaths = (
				"${PODS_PODFILE_DIR_PATH}/Podfile.lock",
				"${PODS_ROOT}/Manifest.lock",
			);
			name = "[CP] Check Pods Manifest.lock";
			outputFileListPaths = (
			);
			outputPaths = (
				"$(DERIVED_FILE_DIR)/Pods-Flix-FlixUITests-checkManifestLockResult.txt",
			);
			runOnlyForDeploymentPostprocessing = 0;
			shellPath = /bin/sh;
			shellScript = "diff \"${PODS_PODFILE_DIR_PATH}/Podfile.lock\" \"${PODS_ROOT}/Manifest.lock\" > /dev/null\nif [ $? != 0 ] ; then\n    # print error to STDERR\n    echo \"error: The sandbox is not in sync with the Podfile.lock. Run 'pod install' or update your CocoaPods installation.\" >&2\n    exit 1\nfi\n# This output is used by Xcode 'outputs' to avoid re-running this script phase.\necho \"SUCCESS\" > \"${SCRIPT_OUTPUT_FILE_0}\"\n";
			showEnvVarsInLog = 0;
		};
/* End PBXShellScriptBuildPhase section */

/* Begin PBXSourcesBuildPhase section */
		75CBDF2325D4B1F500AC4FB8 /* Sources */ = {
			isa = PBXSourcesBuildPhase;
			buildActionMask = 2147483647;
			files = (
				75CBDF3525D4B1F500AC4FB8 /* Flix.xcdatamodeld in Sources */,
				75CBDF2F25D4B1F500AC4FB8 /* ViewController.swift in Sources */,
				756FA92E25DF798100808A17 /* MovieDetailsViewController.swift in Sources */,
				75CBDF2B25D4B1F500AC4FB8 /* AppDelegate.swift in Sources */,
				75CBDF6125D5DA8100AC4FB8 /* MovieCell.swift in Sources */,
				75CBDF2D25D4B1F500AC4FB8 /* SceneDelegate.swift in Sources */,
			);
			runOnlyForDeploymentPostprocessing = 0;
		};
		75CBDF3C25D4B1F800AC4FB8 /* Sources */ = {
			isa = PBXSourcesBuildPhase;
			buildActionMask = 2147483647;
			files = (
				75CBDF4525D4B1F800AC4FB8 /* FlixTests.swift in Sources */,
			);
			runOnlyForDeploymentPostprocessing = 0;
		};
		75CBDF4725D4B1F800AC4FB8 /* Sources */ = {
			isa = PBXSourcesBuildPhase;
			buildActionMask = 2147483647;
			files = (
				75CBDF5025D4B1F800AC4FB8 /* FlixUITests.swift in Sources */,
			);
			runOnlyForDeploymentPostprocessing = 0;
		};
/* End PBXSourcesBuildPhase section */

/* Begin PBXTargetDependency section */
		75CBDF4225D4B1F800AC4FB8 /* PBXTargetDependency */ = {
			isa = PBXTargetDependency;
			target = 75CBDF2625D4B1F500AC4FB8 /* Flix */;
			targetProxy = 75CBDF4125D4B1F800AC4FB8 /* PBXContainerItemProxy */;
		};
		75CBDF4D25D4B1F800AC4FB8 /* PBXTargetDependency */ = {
			isa = PBXTargetDependency;
			target = 75CBDF2625D4B1F500AC4FB8 /* Flix */;
			targetProxy = 75CBDF4C25D4B1F800AC4FB8 /* PBXContainerItemProxy */;
		};
/* End PBXTargetDependency section */

/* Begin PBXVariantGroup section */
		75CBDF3025D4B1F500AC4FB8 /* Main.storyboard */ = {
			isa = PBXVariantGroup;
			children = (
				75CBDF3125D4B1F500AC4FB8 /* Base */,
			);
			name = Main.storyboard;
			sourceTree = "<group>";
		};
		75CBDF3825D4B1F800AC4FB8 /* LaunchScreen.storyboard */ = {
			isa = PBXVariantGroup;
			children = (
				75CBDF3925D4B1F800AC4FB8 /* Base */,
			);
			name = LaunchScreen.storyboard;
			sourceTree = "<group>";
		};
/* End PBXVariantGroup section */

/* Begin XCBuildConfiguration section */
		75CBDF5225D4B1F800AC4FB8 /* Debug */ = {
			isa = XCBuildConfiguration;
			buildSettings = {
				ALWAYS_SEARCH_USER_PATHS = NO;
				CLANG_ANALYZER_NONNULL = YES;
				CLANG_ANALYZER_NUMBER_OBJECT_CONVERSION = YES_AGGRESSIVE;
				CLANG_CXX_LANGUAGE_STANDARD = "gnu++14";
				CLANG_CXX_LIBRARY = "libc++";
				CLANG_ENABLE_MODULES = YES;
				CLANG_ENABLE_OBJC_ARC = YES;
				CLANG_ENABLE_OBJC_WEAK = YES;
				CLANG_WARN_BLOCK_CAPTURE_AUTORELEASING = YES;
				CLANG_WARN_BOOL_CONVERSION = YES;
				CLANG_WARN_COMMA = YES;
				CLANG_WARN_CONSTANT_CONVERSION = YES;
				CLANG_WARN_DEPRECATED_OBJC_IMPLEMENTATIONS = YES;
				CLANG_WARN_DIRECT_OBJC_ISA_USAGE = YES_ERROR;
				CLANG_WARN_DOCUMENTATION_COMMENTS = YES;
				CLANG_WARN_EMPTY_BODY = YES;
				CLANG_WARN_ENUM_CONVERSION = YES;
				CLANG_WARN_INFINITE_RECURSION = YES;
				CLANG_WARN_INT_CONVERSION = YES;
				CLANG_WARN_NON_LITERAL_NULL_CONVERSION = YES;
				CLANG_WARN_OBJC_IMPLICIT_RETAIN_SELF = YES;
				CLANG_WARN_OBJC_LITERAL_CONVERSION = YES;
				CLANG_WARN_OBJC_ROOT_CLASS = YES_ERROR;
				CLANG_WARN_QUOTED_INCLUDE_IN_FRAMEWORK_HEADER = YES;
				CLANG_WARN_RANGE_LOOP_ANALYSIS = YES;
				CLANG_WARN_STRICT_PROTOTYPES = YES;
				CLANG_WARN_SUSPICIOUS_MOVE = YES;
				CLANG_WARN_UNGUARDED_AVAILABILITY = YES_AGGRESSIVE;
				CLANG_WARN_UNREACHABLE_CODE = YES;
				CLANG_WARN__DUPLICATE_METHOD_MATCH = YES;
				COPY_PHASE_STRIP = NO;
				DEBUG_INFORMATION_FORMAT = dwarf;
				ENABLE_STRICT_OBJC_MSGSEND = YES;
				ENABLE_TESTABILITY = YES;
				GCC_C_LANGUAGE_STANDARD = gnu11;
				GCC_DYNAMIC_NO_PIC = NO;
				GCC_NO_COMMON_BLOCKS = YES;
				GCC_OPTIMIZATION_LEVEL = 0;
				GCC_PREPROCESSOR_DEFINITIONS = (
					"DEBUG=1",
					"$(inherited)",
				);
				GCC_WARN_64_TO_32_BIT_CONVERSION = YES;
				GCC_WARN_ABOUT_RETURN_TYPE = YES_ERROR;
				GCC_WARN_UNDECLARED_SELECTOR = YES;
				GCC_WARN_UNINITIALIZED_AUTOS = YES_AGGRESSIVE;
				GCC_WARN_UNUSED_FUNCTION = YES;
				GCC_WARN_UNUSED_VARIABLE = YES;
				IPHONEOS_DEPLOYMENT_TARGET = 14.4;
				MTL_ENABLE_DEBUG_INFO = INCLUDE_SOURCE;
				MTL_FAST_MATH = YES;
				ONLY_ACTIVE_ARCH = YES;
				SDKROOT = iphoneos;
				SWIFT_ACTIVE_COMPILATION_CONDITIONS = DEBUG;
				SWIFT_OPTIMIZATION_LEVEL = "-Onone";
			};
			name = Debug;
		};
		75CBDF5325D4B1F800AC4FB8 /* Release */ = {
			isa = XCBuildConfiguration;
			buildSettings = {
				ALWAYS_SEARCH_USER_PATHS = NO;
				CLANG_ANALYZER_NONNULL = YES;
				CLANG_ANALYZER_NUMBER_OBJECT_CONVERSION = YES_AGGRESSIVE;
				CLANG_CXX_LANGUAGE_STANDARD = "gnu++14";
				CLANG_CXX_LIBRARY = "libc++";
				CLANG_ENABLE_MODULES = YES;
				CLANG_ENABLE_OBJC_ARC = YES;
				CLANG_ENABLE_OBJC_WEAK = YES;
				CLANG_WARN_BLOCK_CAPTURE_AUTORELEASING = YES;
				CLANG_WARN_BOOL_CONVERSION = YES;
				CLANG_WARN_COMMA = YES;
				CLANG_WARN_CONSTANT_CONVERSION = YES;
				CLANG_WARN_DEPRECATED_OBJC_IMPLEMENTATIONS = YES;
				CLANG_WARN_DIRECT_OBJC_ISA_USAGE = YES_ERROR;
				CLANG_WARN_DOCUMENTATION_COMMENTS = YES;
				CLANG_WARN_EMPTY_BODY = YES;
				CLANG_WARN_ENUM_CONVERSION = YES;
				CLANG_WARN_INFINITE_RECURSION = YES;
				CLANG_WARN_INT_CONVERSION = YES;
				CLANG_WARN_NON_LITERAL_NULL_CONVERSION = YES;
				CLANG_WARN_OBJC_IMPLICIT_RETAIN_SELF = YES;
				CLANG_WARN_OBJC_LITERAL_CONVERSION = YES;
				CLANG_WARN_OBJC_ROOT_CLASS = YES_ERROR;
				CLANG_WARN_QUOTED_INCLUDE_IN_FRAMEWORK_HEADER = YES;
				CLANG_WARN_RANGE_LOOP_ANALYSIS = YES;
				CLANG_WARN_STRICT_PROTOTYPES = YES;
				CLANG_WARN_SUSPICIOUS_MOVE = YES;
				CLANG_WARN_UNGUARDED_AVAILABILITY = YES_AGGRESSIVE;
				CLANG_WARN_UNREACHABLE_CODE = YES;
				CLANG_WARN__DUPLICATE_METHOD_MATCH = YES;
				COPY_PHASE_STRIP = NO;
				DEBUG_INFORMATION_FORMAT = "dwarf-with-dsym";
				ENABLE_NS_ASSERTIONS = NO;
				ENABLE_STRICT_OBJC_MSGSEND = YES;
				GCC_C_LANGUAGE_STANDARD = gnu11;
				GCC_NO_COMMON_BLOCKS = YES;
				GCC_WARN_64_TO_32_BIT_CONVERSION = YES;
				GCC_WARN_ABOUT_RETURN_TYPE = YES_ERROR;
				GCC_WARN_UNDECLARED_SELECTOR = YES;
				GCC_WARN_UNINITIALIZED_AUTOS = YES_AGGRESSIVE;
				GCC_WARN_UNUSED_FUNCTION = YES;
				GCC_WARN_UNUSED_VARIABLE = YES;
				IPHONEOS_DEPLOYMENT_TARGET = 14.4;
				MTL_ENABLE_DEBUG_INFO = NO;
				MTL_FAST_MATH = YES;
				SDKROOT = iphoneos;
				SWIFT_COMPILATION_MODE = wholemodule;
				SWIFT_OPTIMIZATION_LEVEL = "-O";
				VALIDATE_PRODUCT = YES;
			};
			name = Release;
		};
		75CBDF5525D4B1F800AC4FB8 /* Debug */ = {
			isa = XCBuildConfiguration;
			baseConfigurationReference = 23A920C9F7E21D4F53937871 /* Pods-Flix.debug.xcconfig */;
			buildSettings = {
				ASSETCATALOG_COMPILER_APPICON_NAME = AppIcon;
				ASSETCATALOG_COMPILER_GLOBAL_ACCENT_COLOR_NAME = AccentColor;
				CODE_SIGN_STYLE = Automatic;
				DEVELOPMENT_TEAM = J7ZWS8YQW3;
				INFOPLIST_FILE = Flix/Info.plist;
				LD_RUNPATH_SEARCH_PATHS = (
					"$(inherited)",
					"@executable_path/Frameworks",
				);
				PRODUCT_BUNDLE_IDENTIFIER = HashirAKhan.Flix;
				PRODUCT_NAME = "$(TARGET_NAME)";
				SWIFT_VERSION = 5.0;
				TARGETED_DEVICE_FAMILY = "1,2";
			};
			name = Debug;
		};
		75CBDF5625D4B1F800AC4FB8 /* Release */ = {
			isa = XCBuildConfiguration;
			baseConfigurationReference = 4A22EE48A104E993F10C9D70 /* Pods-Flix.release.xcconfig */;
			buildSettings = {
				ASSETCATALOG_COMPILER_APPICON_NAME = AppIcon;
				ASSETCATALOG_COMPILER_GLOBAL_ACCENT_COLOR_NAME = AccentColor;
				CODE_SIGN_STYLE = Automatic;
				DEVELOPMENT_TEAM = J7ZWS8YQW3;
				INFOPLIST_FILE = Flix/Info.plist;
				LD_RUNPATH_SEARCH_PATHS = (
					"$(inherited)",
					"@executable_path/Frameworks",
				);
				PRODUCT_BUNDLE_IDENTIFIER = HashirAKhan.Flix;
				PRODUCT_NAME = "$(TARGET_NAME)";
				SWIFT_VERSION = 5.0;
				TARGETED_DEVICE_FAMILY = "1,2";
			};
			name = Release;
		};
		75CBDF5825D4B1F800AC4FB8 /* Debug */ = {
			isa = XCBuildConfiguration;
			baseConfigurationReference = 321CA8979A637B5A34DCE307 /* Pods-FlixTests.debug.xcconfig */;
			buildSettings = {
				ALWAYS_EMBED_SWIFT_STANDARD_LIBRARIES = YES;
				BUNDLE_LOADER = "$(TEST_HOST)";
				CODE_SIGN_STYLE = Automatic;
				DEVELOPMENT_TEAM = J7ZWS8YQW3;
				INFOPLIST_FILE = FlixTests/Info.plist;
				IPHONEOS_DEPLOYMENT_TARGET = 14.4;
				LD_RUNPATH_SEARCH_PATHS = (
					"$(inherited)",
					"@executable_path/Frameworks",
					"@loader_path/Frameworks",
				);
				PRODUCT_BUNDLE_IDENTIFIER = HashirAKhan.FlixTests;
				PRODUCT_NAME = "$(TARGET_NAME)";
				SWIFT_VERSION = 5.0;
				TARGETED_DEVICE_FAMILY = "1,2";
				TEST_HOST = "$(BUILT_PRODUCTS_DIR)/Flix.app/Flix";
			};
			name = Debug;
		};
		75CBDF5925D4B1F800AC4FB8 /* Release */ = {
			isa = XCBuildConfiguration;
			baseConfigurationReference = 45FF4D82BDBAC542FFEE6DB6 /* Pods-FlixTests.release.xcconfig */;
			buildSettings = {
				ALWAYS_EMBED_SWIFT_STANDARD_LIBRARIES = YES;
				BUNDLE_LOADER = "$(TEST_HOST)";
				CODE_SIGN_STYLE = Automatic;
				DEVELOPMENT_TEAM = J7ZWS8YQW3;
				INFOPLIST_FILE = FlixTests/Info.plist;
				IPHONEOS_DEPLOYMENT_TARGET = 14.4;
				LD_RUNPATH_SEARCH_PATHS = (
					"$(inherited)",
					"@executable_path/Frameworks",
					"@loader_path/Frameworks",
				);
				PRODUCT_BUNDLE_IDENTIFIER = HashirAKhan.FlixTests;
				PRODUCT_NAME = "$(TARGET_NAME)";
				SWIFT_VERSION = 5.0;
				TARGETED_DEVICE_FAMILY = "1,2";
				TEST_HOST = "$(BUILT_PRODUCTS_DIR)/Flix.app/Flix";
			};
			name = Release;
		};
		75CBDF5B25D4B1F800AC4FB8 /* Debug */ = {
			isa = XCBuildConfiguration;
			baseConfigurationReference = F89FE10A094214F8C7F8D83C /* Pods-Flix-FlixUITests.debug.xcconfig */;
			buildSettings = {
				ALWAYS_EMBED_SWIFT_STANDARD_LIBRARIES = YES;
				CODE_SIGN_STYLE = Automatic;
				DEVELOPMENT_TEAM = J7ZWS8YQW3;
				INFOPLIST_FILE = FlixUITests/Info.plist;
				LD_RUNPATH_SEARCH_PATHS = (
					"$(inherited)",
					"@executable_path/Frameworks",
					"@loader_path/Frameworks",
				);
				PRODUCT_BUNDLE_IDENTIFIER = HashirAKhan.FlixUITests;
				PRODUCT_NAME = "$(TARGET_NAME)";
				SWIFT_VERSION = 5.0;
				TARGETED_DEVICE_FAMILY = "1,2";
				TEST_TARGET_NAME = Flix;
			};
			name = Debug;
		};
		75CBDF5C25D4B1F800AC4FB8 /* Release */ = {
			isa = XCBuildConfiguration;
			baseConfigurationReference = F3F0A4B4A7AC8B0E6109E35A /* Pods-Flix-FlixUITests.release.xcconfig */;
			buildSettings = {
				ALWAYS_EMBED_SWIFT_STANDARD_LIBRARIES = YES;
				CODE_SIGN_STYLE = Automatic;
				DEVELOPMENT_TEAM = J7ZWS8YQW3;
				INFOPLIST_FILE = FlixUITests/Info.plist;
				LD_RUNPATH_SEARCH_PATHS = (
					"$(inherited)",
					"@executable_path/Frameworks",
					"@loader_path/Frameworks",
				);
				PRODUCT_BUNDLE_IDENTIFIER = HashirAKhan.FlixUITests;
				PRODUCT_NAME = "$(TARGET_NAME)";
				SWIFT_VERSION = 5.0;
				TARGETED_DEVICE_FAMILY = "1,2";
				TEST_TARGET_NAME = Flix;
			};
			name = Release;
		};
/* End XCBuildConfiguration section */

/* Begin XCConfigurationList section */
		75CBDF2225D4B1F500AC4FB8 /* Build configuration list for PBXProject "Flix" */ = {
			isa = XCConfigurationList;
			buildConfigurations = (
				75CBDF5225D4B1F800AC4FB8 /* Debug */,
				75CBDF5325D4B1F800AC4FB8 /* Release */,
			);
			defaultConfigurationIsVisible = 0;
			defaultConfigurationName = Release;
		};
		75CBDF5425D4B1F800AC4FB8 /* Build configuration list for PBXNativeTarget "Flix" */ = {
			isa = XCConfigurationList;
			buildConfigurations = (
				75CBDF5525D4B1F800AC4FB8 /* Debug */,
				75CBDF5625D4B1F800AC4FB8 /* Release */,
			);
			defaultConfigurationIsVisible = 0;
			defaultConfigurationName = Release;
		};
		75CBDF5725D4B1F800AC4FB8 /* Build configuration list for PBXNativeTarget "FlixTests" */ = {
			isa = XCConfigurationList;
			buildConfigurations = (
				75CBDF5825D4B1F800AC4FB8 /* Debug */,
				75CBDF5925D4B1F800AC4FB8 /* Release */,
			);
			defaultConfigurationIsVisible = 0;
			defaultConfigurationName = Release;
		};
		75CBDF5A25D4B1F800AC4FB8 /* Build configuration list for PBXNativeTarget "FlixUITests" */ = {
			isa = XCConfigurationList;
			buildConfigurations = (
				75CBDF5B25D4B1F800AC4FB8 /* Debug */,
				75CBDF5C25D4B1F800AC4FB8 /* Release */,
			);
			defaultConfigurationIsVisible = 0;
			defaultConfigurationName = Release;
		};
/* End XCConfigurationList section */

/* Begin XCVersionGroup section */
		75CBDF3325D4B1F500AC4FB8 /* Flix.xcdatamodeld */ = {
			isa = XCVersionGroup;
			children = (
				75CBDF3425D4B1F500AC4FB8 /* Flix.xcdatamodel */,
			);
			currentVersion = 75CBDF3425D4B1F500AC4FB8 /* Flix.xcdatamodel */;
			path = Flix.xcdatamodeld;
			sourceTree = "<group>";
			versionGroupType = wrapper.xcdatamodel;
		};
/* End XCVersionGroup section */
	};
	rootObject = 75CBDF1F25D4B1F500AC4FB8 /* Project object */;
}
